
Microsoft Visual Studio Solution File, Format Version 12.00
# Visual Studio Version 16
VisualStudioVersion = 16.0.32602.291
MinimumVisualStudioVersion = 10.0.40219.1
Project("{8BC9CEB8-8B4A-11D0-8D11-00A0C91BC942}") = "TDF", "TDF\TDF.vcxproj", "{686747DA-3F9E-42CE-B9C7-028A3A3E74E5}"
EndProject
Global
	GlobalSection(SolutionConfigurationPlatforms) = preSolution
		Debug|x64 = Debug|x64
		Debug|x86 = Debug|x86
		Release|x64 = Release|x64
		Release|x86 = Release|x86
	EndGlobalSection
	GlobalSection(ProjectConfigurationPlatforms) = postSolution
		{686747DA-3F9E-42CE-B9C7-028A3A3E74E5}.Debug|x64.ActiveCfg = Debug|x64
		{686747DA-3F9E-42CE-B9C7-028A3A3E74E5}.Debug|x64.Build.0 = Debug|x64
		{686747DA-3F9E-42CE-B9C7-028A3A3E74E5}.Debug|x86.ActiveCfg = Debug|Win32
		{686747DA-3F9E-42CE-B9C7-028A3A3E74E5}.Debug|x86.Build.0 = Debug|Win32
		{686747DA-3F9E-42CE-B9C7-028A3A3E74E5}.Release|x64.ActiveCfg = Release|x64
		{686747DA-3F9E-42CE-B9C7-028A3A3E74E5}.Release|x64.Build.0 = Release|x64
		{686747DA-3F9E-42CE-B9C7-028A3A3E74E5}.Release|x86.ActiveCfg = Release|Win32
		{686747DA-3F9E-42CE-B9C7-028A3A3E74E5}.Release|x86.Build.0 = Release|Win32
	EndGlobalSection
	GlobalSection(SolutionProperties) = preSolution
		HideSolutionNode = FALSE
	EndGlobalSection
	GlobalSection(ExtensibilityGlobals) = postSolution
		SolutionGuid = {CB4EB426-3FF7-43C3-93E6-F0D7ECE51A49}
	EndGlobalSection
EndGlobal
